
Microsoft Visual Studio Solution File, Format Version 12.00
# Visual Studio Version 17
VisualStudioVersion = 17.5.002.0
MinimumVisualStudioVersion = 10.0.40219.1
Project("{9A19103F-16F7-4668-BE54-9A1E7A4F7556}") = "QuizApp", "QuizApp.csproj", "{90F1123E-0994-4564-BBEB-B1D357B273FE}"
EndProject
Global
	GlobalSection(SolutionConfigurationPlatforms) = preSolution
		Debug|Any CPU = Debug|Any CPU
		Release|Any CPU = Release|Any CPU
	EndGlobalSection
	GlobalSection(ProjectConfigurationPlatforms) = postSolution
		{90F1123E-0994-4564-BBEB-B1D357B273FE}.Debug|Any CPU.ActiveCfg = Debug|Any CPU
		{90F1123E-0994-4564-BBEB-B1D357B273FE}.Debug|Any CPU.Build.0 = Debug|Any CPU
		{90F1123E-0994-4564-BBEB-B1D357B273FE}.Release|Any CPU.ActiveCfg = Release|Any CPU
		{90F1123E-0994-4564-BBEB-B1D357B273FE}.Release|Any CPU.Build.0 = Release|Any CPU
	EndGlobalSection
	GlobalSection(SolutionProperties) = preSolution
		HideSolutionNode = FALSE
	EndGlobalSection
	GlobalSection(ExtensibilityGlobals) = postSolution
		SolutionGuid = {AEB19CA7-B483-4796-84D8-1C3986867C5A}
	EndGlobalSection
EndGlobal
